// !$*UTF8*$!
{
	archiveVersion = 1;
	classes = {
	};
	objectVersion = 46;
	objects = {

/* Begin PBXBuildFile section */
		39DD552EF3B9B801E88AB82A /* Pods_ListaSuperEdgar.framework in Frameworks */ = {isa = PBXBuildFile; fileRef = 113197B14F227F2B2D0A4E39 /* Pods_ListaSuperEdgar.framework */; };
		8FA9E8F61F3F996F00829BBB /* RegisterPageViewController.swift in Sources */ = {isa = PBXBuildFile; fileRef = 8FA9E8F51F3F996F00829BBB /* RegisterPageViewController.swift */; };
		8FA9E8F81F40166B00829BBB /* Podfile in Resources */ = {isa = PBXBuildFile; fileRef = 8FA9E8F71F40166B00829BBB /* Podfile */; };
		8FA9E8FA1F40DE0400829BBB /* LoginViewController.swift in Sources */ = {isa = PBXBuildFile; fileRef = 8FA9E8F91F40DE0400829BBB /* LoginViewController.swift */; };
		8FA9E8FC1F41042600829BBB /* MapViewController.swift in Sources */ = {isa = PBXBuildFile; fileRef = 8FA9E8FB1F41042500829BBB /* MapViewController.swift */; };
		8FA9E8FE1F411C6E00829BBB /* TableViewListas.swift in Sources */ = {isa = PBXBuildFile; fileRef = 8FA9E8FD1F411C6E00829BBB /* TableViewListas.swift */; };
		8FA9E9001F4124EC00829BBB /* AgregarListaSuper.swift in Sources */ = {isa = PBXBuildFile; fileRef = 8FA9E8FF1F4124EC00829BBB /* AgregarListaSuper.swift */; };
		8FFB64D61F3EA4BA00218DD4 /* AppDelegate.swift in Sources */ = {isa = PBXBuildFile; fileRef = 8FFB64D51F3EA4BA00218DD4 /* AppDelegate.swift */; };
		8FFB64D81F3EA4BA00218DD4 /* ViewController.swift in Sources */ = {isa = PBXBuildFile; fileRef = 8FFB64D71F3EA4BA00218DD4 /* ViewController.swift */; };
		8FFB64DB1F3EA4BA00218DD4 /* Main.storyboard in Resources */ = {isa = PBXBuildFile; fileRef = 8FFB64D91F3EA4BA00218DD4 /* Main.storyboard */; };
		8FFB64DD1F3EA4BA00218DD4 /* Assets.xcassets in Resources */ = {isa = PBXBuildFile; fileRef = 8FFB64DC1F3EA4BA00218DD4 /* Assets.xcassets */; };
		8FFB64E01F3EA4BA00218DD4 /* LaunchScreen.storyboard in Resources */ = {isa = PBXBuildFile; fileRef = 8FFB64DE1F3EA4BA00218DD4 /* LaunchScreen.storyboard */; };
/* End PBXBuildFile section */

/* Begin PBXFileReference section */
		113197B14F227F2B2D0A4E39 /* Pods_ListaSuperEdgar.framework */ = {isa = PBXFileReference; explicitFileType = wrapper.framework; includeInIndex = 0; path = Pods_ListaSuperEdgar.framework; sourceTree = BUILT_PRODUCTS_DIR; };
		575203752252054EE33EC199 /* Pods-ListaSuperEdgar.release.xcconfig */ = {isa = PBXFileReference; includeInIndex = 1; lastKnownFileType = text.xcconfig; name = "Pods-ListaSuperEdgar.release.xcconfig"; path = "ListaSuperEdgar/Pods/Target Support Files/Pods-ListaSuperEdgar/Pods-ListaSuperEdgar.release.xcconfig"; sourceTree = "<group>"; };
		77847BF4FA076FA6BF46BCAA /* Pods-ListaSuperEdgar.debug.xcconfig */ = {isa = PBXFileReference; includeInIndex = 1; lastKnownFileType = text.xcconfig; name = "Pods-ListaSuperEdgar.debug.xcconfig"; path = "ListaSuperEdgar/Pods/Target Support Files/Pods-ListaSuperEdgar/Pods-ListaSuperEdgar.debug.xcconfig"; sourceTree = "<group>"; };
		8FA9E8F51F3F996F00829BBB /* RegisterPageViewController.swift */ = {isa = PBXFileReference; fileEncoding = 4; lastKnownFileType = sourcecode.swift; path = RegisterPageViewController.swift; sourceTree = "<group>"; };
		8FA9E8F71F40166B00829BBB /* Podfile */ = {isa = PBXFileReference; fileEncoding = 4; lastKnownFileType = text; path = Podfile; sourceTree = "<group>"; xcLanguageSpecificationIdentifier = xcode.lang.ruby; };
		8FA9E8F91F40DE0400829BBB /* LoginViewController.swift */ = {isa = PBXFileReference; fileEncoding = 4; lastKnownFileType = sourcecode.swift; path = LoginViewController.swift; sourceTree = "<group>"; };
		8FA9E8FB1F41042500829BBB /* MapViewController.swift */ = {isa = PBXFileReference; fileEncoding = 4; lastKnownFileType = sourcecode.swift; path = MapViewController.swift; sourceTree = "<group>"; };
		8FA9E8FD1F411C6E00829BBB /* TableViewListas.swift */ = {isa = PBXFileReference; fileEncoding = 4; lastKnownFileType = sourcecode.swift; path = TableViewListas.swift; sourceTree = "<group>"; };
		8FA9E8FF1F4124EC00829BBB /* AgregarListaSuper.swift */ = {isa = PBXFileReference; fileEncoding = 4; lastKnownFileType = sourcecode.swift; path = AgregarListaSuper.swift; sourceTree = "<group>"; };
		8FFB64D21F3EA4BA00218DD4 /* ListaSuperEdgar.app */ = {isa = PBXFileReference; explicitFileType = wrapper.application; includeInIndex = 0; path = ListaSuperEdgar.app; sourceTree = BUILT_PRODUCTS_DIR; };
		8FFB64D51F3EA4BA00218DD4 /* AppDelegate.swift */ = {isa = PBXFileReference; lastKnownFileType = sourcecode.swift; path = AppDelegate.swift; sourceTree = "<group>"; };
		8FFB64D71F3EA4BA00218DD4 /* ViewController.swift */ = {isa = PBXFileReference; lastKnownFileType = sourcecode.swift; path = ViewController.swift; sourceTree = "<group>"; };
		8FFB64DA1F3EA4BA00218DD4 /* Base */ = {isa = PBXFileReference; lastKnownFileType = file.storyboard; name = Base; path = Base.lproj/Main.storyboard; sourceTree = "<group>"; };
		8FFB64DC1F3EA4BA00218DD4 /* Assets.xcassets */ = {isa = PBXFileReference; lastKnownFileType = folder.assetcatalog; path = Assets.xcassets; sourceTree = "<group>"; };
		8FFB64DF1F3EA4BA00218DD4 /* Base */ = {isa = PBXFileReference; lastKnownFileType = file.storyboard; name = Base; path = Base.lproj/LaunchScreen.storyboard; sourceTree = "<group>"; };
		8FFB64E11F3EA4BA00218DD4 /* Info.plist */ = {isa = PBXFileReference; lastKnownFileType = text.plist.xml; path = Info.plist; sourceTree = "<group>"; };
/* End PBXFileReference section */

/* Begin PBXFrameworksBuildPhase section */
		8FFB64CF1F3EA4B900218DD4 /* Frameworks */ = {
			isa = PBXFrameworksBuildPhase;
			buildActionMask = 2147483647;
			files = (
				39DD552EF3B9B801E88AB82A /* Pods_ListaSuperEdgar.framework in Frameworks */,
			);
			runOnlyForDeploymentPostprocessing = 0;
		};
/* End PBXFrameworksBuildPhase section */

/* Begin PBXGroup section */
		2B46F5D898338FAD20076D36 /* Pods */ = {
			isa = PBXGroup;
			children = (
				77847BF4FA076FA6BF46BCAA /* Pods-ListaSuperEdgar.debug.xcconfig */,
				575203752252054EE33EC199 /* Pods-ListaSuperEdgar.release.xcconfig */,
			);
			name = Pods;
			sourceTree = "<group>";
		};
		8FFB64C91F3EA4B900218DD4 = {
			isa = PBXGroup;
			children = (
				8FFB64D41F3EA4BA00218DD4 /* ListaSuperEdgar */,
				8FFB64D31F3EA4BA00218DD4 /* Products */,
				2B46F5D898338FAD20076D36 /* Pods */,
				99ACF95621CA13C89B8360D0 /* Frameworks */,
			);
			sourceTree = "<group>";
		};
		8FFB64D31F3EA4BA00218DD4 /* Products */ = {
			isa = PBXGroup;
			children = (
				8FFB64D21F3EA4BA00218DD4 /* ListaSuperEdgar.app */,
			);
			name = Products;
			sourceTree = "<group>";
		};
		8FFB64D41F3EA4BA00218DD4 /* ListaSuperEdgar */ = {
			isa = PBXGroup;
			children = (
				8FFB64D51F3EA4BA00218DD4 /* AppDelegate.swift */,
				8FFB64D71F3EA4BA00218DD4 /* ViewController.swift */,
				8FFB64D91F3EA4BA00218DD4 /* Main.storyboard */,
				8FFB64DC1F3EA4BA00218DD4 /* Assets.xcassets */,
				8FFB64DE1F3EA4BA00218DD4 /* LaunchScreen.storyboard */,
				8FFB64E11F3EA4BA00218DD4 /* Info.plist */,
				8FA9E8F51F3F996F00829BBB /* RegisterPageViewController.swift */,
				8FA9E8F71F40166B00829BBB /* Podfile */,
				8FA9E8F91F40DE0400829BBB /* LoginViewController.swift */,
				8FA9E8FB1F41042500829BBB /* MapViewController.swift */,
				8FA9E8FD1F411C6E00829BBB /* TableViewListas.swift */,
				8FA9E8FF1F4124EC00829BBB /* AgregarListaSuper.swift */,
			);
			path = ListaSuperEdgar;
			sourceTree = "<group>";
		};
		99ACF95621CA13C89B8360D0 /* Frameworks */ = {
			isa = PBXGroup;
			children = (
				113197B14F227F2B2D0A4E39 /* Pods_ListaSuperEdgar.framework */,
			);
			name = Frameworks;
			sourceTree = "<group>";
		};
/* End PBXGroup section */

/* Begin PBXNativeTarget section */
		8FFB64D11F3EA4B900218DD4 /* ListaSuperEdgar */ = {
			isa = PBXNativeTarget;
			buildConfigurationList = 8FFB64E41F3EA4BA00218DD4 /* Build configuration list for PBXNativeTarget "ListaSuperEdgar" */;
			buildPhases = (
				8492BCDAD0B51BAA8C0534A2 /* [CP] Check Pods Manifest.lock */,
				8FFB64CE1F3EA4B900218DD4 /* Sources */,
				8FFB64CF1F3EA4B900218DD4 /* Frameworks */,
				8FFB64D01F3EA4B900218DD4 /* Resources */,
				5062980E2C3711F6FF95C9AE /* [CP] Embed Pods Frameworks */,
				FAC123274E4DB53D40050A04 /* [CP] Copy Pods Resources */,
			);
			buildRules = (
			);
			dependencies = (
			);
			name = ListaSuperEdgar;
			productName = ListaSuperEdgar;
			productReference = 8FFB64D21F3EA4BA00218DD4 /* ListaSuperEdgar.app */;
			productType = "com.apple.product-type.application";
		};
/* End PBXNativeTarget section */

/* Begin PBXProject section */
		8FFB64CA1F3EA4B900218DD4 /* Project object */ = {
			isa = PBXProject;
			attributes = {
				LastSwiftUpdateCheck = 0820;
				LastUpgradeCheck = 0820;
				ORGANIZATIONNAME = EJRG;
				TargetAttributes = {
					8FFB64D11F3EA4B900218DD4 = {
						CreatedOnToolsVersion = 8.2.1;
						ProvisioningStyle = Automatic;
					};
				};
			};
			buildConfigurationList = 8FFB64CD1F3EA4B900218DD4 /* Build configuration list for PBXProject "ListaSuperEdgar" */;
			compatibilityVersion = "Xcode 3.2";
			developmentRegion = English;
			hasScannedForEncodings = 0;
			knownRegions = (
				en,
				Base,
			);
			mainGroup = 8FFB64C91F3EA4B900218DD4;
			productRefGroup = 8FFB64D31F3EA4BA00218DD4 /* Products */;
			projectDirPath = "";
			projectRoot = "";
			targets = (
				8FFB64D11F3EA4B900218DD4 /* ListaSuperEdgar */,
			);
		};
/* End PBXProject section */

/* Begin PBXResourcesBuildPhase section */
		8FFB64D01F3EA4B900218DD4 /* Resources */ = {
			isa = PBXResourcesBuildPhase;
			buildActionMask = 2147483647;
			files = (
				8FFB64E01F3EA4BA00218DD4 /* LaunchScreen.storyboard in Resources */,
				8FFB64DD1F3EA4BA00218DD4 /* Assets.xcassets in Resources */,
				8FA9E8F81F40166B00829BBB /* Podfile in Resources */,
				8FFB64DB1F3EA4BA00218DD4 /* Main.storyboard in Resources */,
			);
			runOnlyForDeploymentPostprocessing = 0;
		};
/* End PBXResourcesBuildPhase section */

/* Begin PBXShellScriptBuildPhase section */
		5062980E2C3711F6FF95C9AE /* [CP] Embed Pods Frameworks */ = {
			isa = PBXShellScriptBuildPhase;
			buildActionMask = 2147483647;
			files = (
			);
			inputPaths = (
				"${SRCROOT}/ListaSuperEdgar/Pods/Target Support Files/Pods-ListaSuperEdgar/Pods-ListaSuperEdgar-frameworks.sh",
				"${BUILT_PRODUCTS_DIR}/Alamofire/Alamofire.framework",
				"${BUILT_PRODUCTS_DIR}/SwiftyJSON/SwiftyJSON.framework",
				"${BUILT_PRODUCTS_DIR}/TRON/TRON.framework",
			);
			name = "[CP] Embed Pods Frameworks";
			outputPaths = (
				"${TARGET_BUILD_DIR}/${FRAMEWORKS_FOLDER_PATH}/Alamofire.framework",
				"${TARGET_BUILD_DIR}/${FRAMEWORKS_FOLDER_PATH}/SwiftyJSON.framework",
				"${TARGET_BUILD_DIR}/${FRAMEWORKS_FOLDER_PATH}/TRON.framework",
			);
			runOnlyForDeploymentPostprocessing = 0;
			shellPath = /bin/sh;
			shellScript = "\"${SRCROOT}/ListaSuperEdgar/Pods/Target Support Files/Pods-ListaSuperEdgar/Pods-ListaSuperEdgar-frameworks.sh\"\n";
			showEnvVarsInLog = 0;
		};
		8492BCDAD0B51BAA8C0534A2 /* [CP] Check Pods Manifest.lock */ = {
			isa = PBXShellScriptBuildPhase;
			buildActionMask = 2147483647;
			files = (
			);
			inputPaths = (
				"${PODS_PODFILE_DIR_PATH}/Podfile.lock",
				"${PODS_ROOT}/Manifest.lock",
			);
			name = "[CP] Check Pods Manifest.lock";
			outputPaths = (
				"$(DERIVED_FILE_DIR)/Pods-ListaSuperEdgar-checkManifestLockResult.txt",
			);
			runOnlyForDeploymentPostprocessing = 0;
			shellPath = /bin/sh;
			shellScript = "diff \"${PODS_PODFILE_DIR_PATH}/Podfile.lock\" \"${PODS_ROOT}/Manifest.lock\" > /dev/null\nif [ $? != 0 ] ; then\n    # print error to STDERR\n    echo \"error: The sandbox is not in sync with the Podfile.lock. Run 'pod install' or update your CocoaPods installation.\" >&2\n    exit 1\nfi\n# This output is used by Xcode 'outputs' to avoid re-running this script phase.\necho \"SUCCESS\" > \"${SCRIPT_OUTPUT_FILE_0}\"\n";
			showEnvVarsInLog = 0;
		};
		FAC123274E4DB53D40050A04 /* [CP] Copy Pods Resources */ = {
			isa = PBXShellScriptBuildPhase;
			buildActionMask = 2147483647;
			files = (
			);
			inputPaths = (
				"${SRCROOT}/ListaSuperEdgar/Pods/Target Support Files/Pods-ListaSuperEdgar/Pods-ListaSuperEdgar-resources.sh",
				"${PODS_ROOT}/GoogleMaps/Maps/Frameworks/GoogleMaps.framework/Resources/GoogleMaps.bundle",
				"${PODS_ROOT}/GooglePlaces/Frameworks/GooglePlaces.framework/Resources/GooglePlaces.bundle",
			);
			name = "[CP] Copy Pods Resources";
			outputPaths = (
				"${TARGET_BUILD_DIR}/${UNLOCALIZED_RESOURCES_FOLDER_PATH}",
			);
			runOnlyForDeploymentPostprocessing = 0;
			shellPath = /bin/sh;
			shellScript = "\"${SRCROOT}/ListaSuperEdgar/Pods/Target Support Files/Pods-ListaSuperEdgar/Pods-ListaSuperEdgar-resources.sh\"\n";
			showEnvVarsInLog = 0;
		};
/* End PBXShellScriptBuildPhase section */

/* Begin PBXSourcesBuildPhase section */
		8FFB64CE1F3EA4B900218DD4 /* Sources */ = {
			isa = PBXSourcesBuildPhase;
			buildActionMask = 2147483647;
			files = (
				8FA9E8FA1F40DE0400829BBB /* LoginViewController.swift in Sources */,
				8FA9E9001F4124EC00829BBB /* AgregarListaSuper.swift in Sources */,
				8FFB64D81F3EA4BA00218DD4 /* ViewController.swift in Sources */,
				8FFB64D61F3EA4BA00218DD4 /* AppDelegate.swift in Sources */,
				8FA9E8FE1F411C6E00829BBB /* TableViewListas.swift in Sources */,
				8FA9E8FC1F41042600829BBB /* MapViewController.swift in Sources */,
				8FA9E8F61F3F996F00829BBB /* RegisterPageViewController.swift in Sources */,
			);
			runOnlyForDeploymentPostprocessing = 0;
		};
/* End PBXSourcesBuildPhase section */

/* Begin PBXVariantGroup section */
		8FFB64D91F3EA4BA00218DD4 /* Main.storyboard */ = {
			isa = PBXVariantGroup;
			children = (
				8FFB64DA1F3EA4BA00218DD4 /* Base */,
			);
			name = Main.storyboard;
			sourceTree = "<group>";
		};
		8FFB64DE1F3EA4BA00218DD4 /* LaunchScreen.storyboard */ = {
			isa = PBXVariantGroup;
			children = (
				8FFB64DF1F3EA4BA00218DD4 /* Base */,
			);
			name = LaunchScreen.storyboard;
			sourceTree = "<group>";
		};
/* End PBXVariantGroup section */

/* Begin XCBuildConfiguration section */
		8FFB64E21F3EA4BA00218DD4 /* Debug */ = {
			isa = XCBuildConfiguration;
			buildSettings = {
				ALWAYS_SEARCH_USER_PATHS = NO;
				CLANG_ANALYZER_NONNULL = YES;
				CLANG_CXX_LANGUAGE_STANDARD = "gnu++0x";
				CLANG_CXX_LIBRARY = "libc++";
				CLANG_ENABLE_MODULES = YES;
				CLANG_ENABLE_OBJC_ARC = YES;
				CLANG_WARN_BOOL_CONVERSION = YES;
				CLANG_WARN_CONSTANT_CONVERSION = YES;
				CLANG_WARN_DIRECT_OBJC_ISA_USAGE = YES_ERROR;
				CLANG_WARN_DOCUMENTATION_COMMENTS = YES;
				CLANG_WARN_EMPTY_BODY = YES;
				CLANG_WARN_ENUM_CONVERSION = YES;
				CLANG_WARN_INFINITE_RECURSION = YES;
				CLANG_WARN_INT_CONVERSION = YES;
				CLANG_WARN_OBJC_ROOT_CLASS = YES_ERROR;
				CLANG_WARN_SUSPICIOUS_MOVE = YES;
				CLANG_WARN_UNREACHABLE_CODE = YES;
				CLANG_WARN__DUPLICATE_METHOD_MATCH = YES;
				"CODE_SIGN_IDENTITY[sdk=iphoneos*]" = "iPhone Developer";
				COPY_PHASE_STRIP = NO;
				DEBUG_INFORMATION_FORMAT = dwarf;
				ENABLE_STRICT_OBJC_MSGSEND = YES;
				ENABLE_TESTABILITY = YES;
				GCC_C_LANGUAGE_STANDARD = gnu99;
				GCC_DYNAMIC_NO_PIC = NO;
				GCC_NO_COMMON_BLOCKS = YES;
				GCC_OPTIMIZATION_LEVEL = 0;
				GCC_PREPROCESSOR_DEFINITIONS = (
					"DEBUG=1",
					"$(inherited)",
				);
				GCC_WARN_64_TO_32_BIT_CONVERSION = YES;
				GCC_WARN_ABOUT_RETURN_TYPE = YES_ERROR;
				GCC_WARN_UNDECLARED_SELECTOR = YES;
				GCC_WARN_UNINITIALIZED_AUTOS = YES_AGGRESSIVE;
				GCC_WARN_UNUSED_FUNCTION = YES;
				GCC_WARN_UNUSED_VARIABLE = YES;
				IPHONEOS_DEPLOYMENT_TARGET = 10.2;
				MTL_ENABLE_DEBUG_INFO = YES;
				ONLY_ACTIVE_ARCH = YES;
				SDKROOT = iphoneos;
				SWIFT_ACTIVE_COMPILATION_CONDITIONS = DEBUG;
				SWIFT_OPTIMIZATION_LEVEL = "-Onone";
			};
			name = Debug;
		};
		8FFB64E31F3EA4BA00218DD4 /* Release */ = {
			isa = XCBuildConfiguration;
			buildSettings = {
				ALWAYS_SEARCH_USER_PATHS = NO;
				CLANG_ANALYZER_NONNULL = YES;
				CLANG_CXX_LANGUAGE_STANDARD = "gnu++0x";
				CLANG_CXX_LIBRARY = "libc++";
				CLANG_ENABLE_MODULES = YES;
				CLANG_ENABLE_OBJC_ARC = YES;
				CLANG_WARN_BOOL_CONVERSION = YES;
				CLANG_WARN_CONSTANT_CONVERSION = YES;
				CLANG_WARN_DIRECT_OBJC_ISA_USAGE = YES_ERROR;
				CLANG_WARN_DOCUMENTATION_COMMENTS = YES;
				CLANG_WARN_EMPTY_BODY = YES;
				CLANG_WARN_ENUM_CONVERSION = YES;
				CLANG_WARN_INFINITE_RECURSION = YES;
				CLANG_WARN_INT_CONVERSION = YES;
				CLANG_WARN_OBJC_ROOT_CLASS = YES_ERROR;
				CLANG_WARN_SUSPICIOUS_MOVE = YES;
				CLANG_WARN_UNREACHABLE_CODE = YES;
				CLANG_WARN__DUPLICATE_METHOD_MATCH = YES;
				"CODE_SIGN_IDENTITY[sdk=iphoneos*]" = "iPhone Developer";
				COPY_PHASE_STRIP = NO;
				DEBUG_INFORMATION_FORMAT = "dwarf-with-dsym";
				ENABLE_NS_ASSERTIONS = NO;
				ENABLE_STRICT_OBJC_MSGSEND = YES;
				GCC_C_LANGUAGE_STANDARD = gnu99;
				GCC_NO_COMMON_BLOCKS = YES;
				GCC_WARN_64_TO_32_BIT_CONVERSION = YES;
				GCC_WARN_ABOUT_RETURN_TYPE = YES_ERROR;
				GCC_WARN_UNDECLARED_SELECTOR = YES;
				GCC_WARN_UNINITIALIZED_AUTOS = YES_AGGRESSIVE;
				GCC_WARN_UNUSED_FUNCTION = YES;
				GCC_WARN_UNUSED_VARIABLE = YES;
				IPHONEOS_DEPLOYMENT_TARGET = 10.2;
				MTL_ENABLE_DEBUG_INFO = NO;
				SDKROOT = iphoneos;
				SWIFT_OPTIMIZATION_LEVEL = "-Owholemodule";
				VALIDATE_PRODUCT = YES;
			};
			name = Release;
		};
		8FFB64E51F3EA4BA00218DD4 /* Debug */ = {
			isa = XCBuildConfiguration;
			baseConfigurationReference = 77847BF4FA076FA6BF46BCAA /* Pods-ListaSuperEdgar.debug.xcconfig */;
			buildSettings = {
				ASSETCATALOG_COMPILER_APPICON_NAME = AppIcon;
				INFOPLIST_FILE = ListaSuperEdgar/Info.plist;
				LD_RUNPATH_SEARCH_PATHS = "$(inherited) @executable_path/Frameworks";
				PRODUCT_BUNDLE_IDENTIFIER = EJRG.ListaSuperEdgar;
				PRODUCT_NAME = "$(TARGET_NAME)";
				SWIFT_VERSION = 3.0;
			};
			name = Debug;
		};
		8FFB64E61F3EA4BA00218DD4 /* Release */ = {
			isa = XCBuildConfiguration;
			baseConfigurationReference = 575203752252054EE33EC199 /* Pods-ListaSuperEdgar.release.xcconfig */;
			buildSettings = {
				ASSETCATALOG_COMPILER_APPICON_NAME = AppIcon;
				INFOPLIST_FILE = ListaSuperEdgar/Info.plist;
				LD_RUNPATH_SEARCH_PATHS = "$(inherited) @executable_path/Frameworks";
				PRODUCT_BUNDLE_IDENTIFIER = EJRG.ListaSuperEdgar;
				PRODUCT_NAME = "$(TARGET_NAME)";
				SWIFT_VERSION = 3.0;
			};
			name = Release;
		};
/* End XCBuildConfiguration section */

/* Begin XCConfigurationList section */
		8FFB64CD1F3EA4B900218DD4 /* Build configuration list for PBXProject "ListaSuperEdgar" */ = {
			isa = XCConfigurationList;
			buildConfigurations = (
				8FFB64E21F3EA4BA00218DD4 /* Debug */,
				8FFB64E31F3EA4BA00218DD4 /* Release */,
			);
			defaultConfigurationIsVisible = 0;
			defaultConfigurationName = Release;
		};
		8FFB64E41F3EA4BA00218DD4 /* Build configuration list for PBXNativeTarget "ListaSuperEdgar" */ = {
			isa = XCConfigurationList;
			buildConfigurations = (
				8FFB64E51F3EA4BA00218DD4 /* Debug */,
				8FFB64E61F3EA4BA00218DD4 /* Release */,
			);
			defaultConfigurationIsVisible = 0;
			defaultConfigurationName = Release;
		};
/* End XCConfigurationList section */
	};
	rootObject = 8FFB64CA1F3EA4B900218DD4 /* Project object */;
}
